dependencies:
- name: postgresql
  repository: oci://registry-1.docker.io/bitnamicharts
  version: 16.7.15
- name: rabbitmq
  repository: oci://registry-1.docker.io/bitnamicharts
  version: 14.7.0
digest: sha256:52646c708457f5222afb0cd0084651d5bd4ba10f5e222de58ffda939af868f6c
generated: "2026-01-09T10:25:46.889514384+03:00"