dependencies:
- name: postgresql
  repository: oci://registry-1.docker.io/bitnamicharts
  version: 14.0.3
- name: rabbitmq
  repository: oci://registry-1.docker.io/bitnamicharts
  version: 14.7.0
digest: sha256:d7f594936517ae725cc49fabb35bc563887828e847dbf42dc8737e45627f3f10
generated: "2026-01-09T10:57:09.650074173+03:00"